{
  "originHash" : "09a9237f7dbfa2cdce4a591924632de2f230dcc0bc86d260859535473db6d32d",
  "pins" : [
    {
      "identity" : "easybar",
      "kind" : "remoteSourceControl",
      "location" : "https://github.com/gi8lino/easybar.git",
      "state" : {
        "revision" : "187ee0599227a6f18aa32e17386ed46e335b2091",
        "version" : "0.0.205"
      }
    },
    {
      "identity" : "tomlkit",
      "kind" : "remoteSourceControl",
      "location" : "https://github.com/LebJe/TOMLKit",
      "state" : {
        "revision" : "ec6198d37d495efc6acd4dffbd262cdca7ff9b3f",
        "version" : "0.6.0"
      }
    }
  ],
  "version" : 3
}
