{
  "originHash" : "fe30f42d80e6b9c58d77f7a9cc437b28abe1ab6254bea4a8592ab9987c773ac6",
  "pins" : [
    {
      "identity" : "easybar",
      "kind" : "remoteSourceControl",
      "location" : "https://github.com/gi8lino/easybar",
      "state" : {
        "revision" : "5a17f296afc573ee545bc92bd24b0e2b8e196a34",
        "version" : "0.30.5"
      }
    },
    {
      "identity" : "swifttomledit",
      "kind" : "remoteSourceControl",
      "location" : "https://github.com/gi8lino/SwiftTOMLEdit.git",
      "state" : {
        "revision" : "67dd6a207b8c72aa08462413a5ca473739fce206",
        "version" : "0.0.4"
      }
    }
  ],
  "version" : 3
}
